{
  "requires": true,
  "lockfileVersion": 1,
  "dependencies": {
    "gitbook-plugin-codeblock-filename": {
      "version": "0.0.9",
      "resolved": "http://registry.npm.taobao.org/gitbook-plugin-codeblock-filename/download/gitbook-plugin-codeblock-filename-0.0.9.tgz",
      "integrity": "sha1-h6njPYlRa5IZ8/bFzSPDXXwstHE="
    }
  }
}
